// !$*UTF8*$!
{
	archiveVersion = 1;
	classes = {
	};
	objectVersion = 55;
	objects = {

/* Begin PBXBuildFile section */
		8DA72DE82833F8E50043CA71 /* NetworkManager.swift in Sources */ = {isa = PBXBuildFile; fileRef = 8DA72DE72833F8E50043CA71 /* NetworkManager.swift */; };
		8DA72DEA2833F9450043CA71 /* Store.swift in Sources */ = {isa = PBXBuildFile; fileRef = 8DA72DE92833F9450043CA71 /* Store.swift */; };
		8DA72DEC2833F94D0043CA71 /* Product.swift in Sources */ = {isa = PBXBuildFile; fileRef = 8DA72DEB2833F94D0043CA71 /* Product.swift */; };
		8DA72DEE2833F9560043CA71 /* Order.swift in Sources */ = {isa = PBXBuildFile; fileRef = 8DA72DED2833F9560043CA71 /* Order.swift */; };
		8DA72DF02833F9A00043CA71 /* APIError.swift in Sources */ = {isa = PBXBuildFile; fileRef = 8DA72DEF2833F9A00043CA71 /* APIError.swift */; };
		8DA72DF32833FB330043CA71 /* StoreAndProductsView.swift in Sources */ = {isa = PBXBuildFile; fileRef = 8DA72DF22833FB330043CA71 /* StoreAndProductsView.swift */; };
		8DA72DF52833FB580043CA71 /* StoreAndProductsViewModel.swift in Sources */ = {isa = PBXBuildFile; fileRef = 8DA72DF42833FB580043CA71 /* StoreAndProductsViewModel.swift */; };
		8DA72DF72833FE480043CA71 /* LoadingView.swift in Sources */ = {isa = PBXBuildFile; fileRef = 8DA72DF62833FE480043CA71 /* LoadingView.swift */; };
		8DA72DF92834082E0043CA71 /* StoreDetailView.swift in Sources */ = {isa = PBXBuildFile; fileRef = 8DA72DF82834082E0043CA71 /* StoreDetailView.swift */; };
		8DBD298128342D7C00DC4D4C /* Colors.swift in Sources */ = {isa = PBXBuildFile; fileRef = 8DBD298028342D7C00DC4D4C /* Colors.swift */; };
		8DBD298328342EE300DC4D4C /* HexColor.swift in Sources */ = {isa = PBXBuildFile; fileRef = 8DBD298228342EE300DC4D4C /* HexColor.swift */; };
		8DBD2985283431E200DC4D4C /* ProductView.swift in Sources */ = {isa = PBXBuildFile; fileRef = 8DBD2984283431E200DC4D4C /* ProductView.swift */; };
		8DBF0C4E2833DE26008A3191 /* e_marketApp.swift in Sources */ = {isa = PBXBuildFile; fileRef = 8DBF0C4D2833DE26008A3191 /* e_marketApp.swift */; };
		8DBF0C502833DE26008A3191 /* ContentView.swift in Sources */ = {isa = PBXBuildFile; fileRef = 8DBF0C4F2833DE26008A3191 /* ContentView.swift */; };
		8DBF0C522833DE26008A3191 /* Assets.xcassets in Resources */ = {isa = PBXBuildFile; fileRef = 8DBF0C512833DE26008A3191 /* Assets.xcassets */; };
		8DBF0C552833DE26008A3191 /* Preview Assets.xcassets in Resources */ = {isa = PBXBuildFile; fileRef = 8DBF0C542833DE26008A3191 /* Preview Assets.xcassets */; };
		8DBF0C5F2833DE27008A3191 /* e_marketTests.swift in Sources */ = {isa = PBXBuildFile; fileRef = 8DBF0C5E2833DE27008A3191 /* e_marketTests.swift */; };
		8DBF0C692833DE27008A3191 /* e_marketUITests.swift in Sources */ = {isa = PBXBuildFile; fileRef = 8DBF0C682833DE27008A3191 /* e_marketUITests.swift */; };
		8DBF0C6B2833DE27008A3191 /* e_marketUITestsLaunchTests.swift in Sources */ = {isa = PBXBuildFile; fileRef = 8DBF0C6A2833DE27008A3191 /* e_marketUITestsLaunchTests.swift */; };
/* End PBXBuildFile section */

/* Begin PBXContainerItemProxy section */
		8DBF0C5B2833DE27008A3191 /* PBXContainerItemProxy */ = {
			isa = PBXContainerItemProxy;
			containerPortal = 8DBF0C422833DE26008A3191 /* Project object */;
			proxyType = 1;
			remoteGlobalIDString = 8DBF0C492833DE26008A3191;
			remoteInfo = "e-market";
		};
		8DBF0C652833DE27008A3191 /* PBXContainerItemProxy */ = {
			isa = PBXContainerItemProxy;
			containerPortal = 8DBF0C422833DE26008A3191 /* Project object */;
			proxyType = 1;
			remoteGlobalIDString = 8DBF0C492833DE26008A3191;
			remoteInfo = "e-market";
		};
/* End PBXContainerItemProxy section */

/* Begin PBXFileReference section */
		8DA72DE72833F8E50043CA71 /* NetworkManager.swift */ = {isa = PBXFileReference; lastKnownFileType = sourcecode.swift; path = NetworkManager.swift; sourceTree = "<group>"; };
		8DA72DE92833F9450043CA71 /* Store.swift */ = {isa = PBXFileReference; lastKnownFileType = sourcecode.swift; path = Store.swift; sourceTree = "<group>"; };
		8DA72DEB2833F94D0043CA71 /* Product.swift */ = {isa = PBXFileReference; lastKnownFileType = sourcecode.swift; path = Product.swift; sourceTree = "<group>"; };
		8DA72DED2833F9560043CA71 /* Order.swift */ = {isa = PBXFileReference; lastKnownFileType = sourcecode.swift; path = Order.swift; sourceTree = "<group>"; };
		8DA72DEF2833F9A00043CA71 /* APIError.swift */ = {isa = PBXFileReference; lastKnownFileType = sourcecode.swift; path = APIError.swift; sourceTree = "<group>"; };
		8DA72DF22833FB330043CA71 /* StoreAndProductsView.swift */ = {isa = PBXFileReference; lastKnownFileType = sourcecode.swift; path = StoreAndProductsView.swift; sourceTree = "<group>"; };
		8DA72DF42833FB580043CA71 /* StoreAndProductsViewModel.swift */ = {isa = PBXFileReference; lastKnownFileType = sourcecode.swift; path = StoreAndProductsViewModel.swift; sourceTree = "<group>"; };
		8DA72DF62833FE480043CA71 /* LoadingView.swift */ = {isa = PBXFileReference; lastKnownFileType = sourcecode.swift; path = LoadingView.swift; sourceTree = "<group>"; };
		8DA72DF82834082E0043CA71 /* StoreDetailView.swift */ = {isa = PBXFileReference; lastKnownFileType = sourcecode.swift; path = StoreDetailView.swift; sourceTree = "<group>"; };
		8DBD298028342D7C00DC4D4C /* Colors.swift */ = {isa = PBXFileReference; lastKnownFileType = sourcecode.swift; path = Colors.swift; sourceTree = "<group>"; };
		8DBD298228342EE300DC4D4C /* HexColor.swift */ = {isa = PBXFileReference; lastKnownFileType = sourcecode.swift; path = HexColor.swift; sourceTree = "<group>"; };
		8DBD2984283431E200DC4D4C /* ProductView.swift */ = {isa = PBXFileReference; lastKnownFileType = sourcecode.swift; path = ProductView.swift; sourceTree = "<group>"; };
		8DBF0C4A2833DE26008A3191 /* e-market.app */ = {isa = PBXFileReference; explicitFileType = wrapper.application; includeInIndex = 0; path = "e-market.app"; sourceTree = BUILT_PRODUCTS_DIR; };
		8DBF0C4D2833DE26008A3191 /* e_marketApp.swift */ = {isa = PBXFileReference; lastKnownFileType = sourcecode.swift; path = e_marketApp.swift; sourceTree = "<group>"; };
		8DBF0C4F2833DE26008A3191 /* ContentView.swift */ = {isa = PBXFileReference; lastKnownFileType = sourcecode.swift; path = ContentView.swift; sourceTree = "<group>"; };
		8DBF0C512833DE26008A3191 /* Assets.xcassets */ = {isa = PBXFileReference; lastKnownFileType = folder.assetcatalog; path = Assets.xcassets; sourceTree = "<group>"; };
		8DBF0C542833DE26008A3191 /* Preview Assets.xcassets */ = {isa = PBXFileReference; lastKnownFileType = folder.assetcatalog; path = "Preview Assets.xcassets"; sourceTree = "<group>"; };
		8DBF0C5A2833DE27008A3191 /* e-marketTests.xctest */ = {isa = PBXFileReference; explicitFileType = wrapper.cfbundle; includeInIndex = 0; path = "e-marketTests.xctest"; sourceTree = BUILT_PRODUCTS_DIR; };
		8DBF0C5E2833DE27008A3191 /* e_marketTests.swift */ = {isa = PBXFileReference; lastKnownFileType = sourcecode.swift; path = e_marketTests.swift; sourceTree = "<group>"; };
		8DBF0C642833DE27008A3191 /* e-marketUITests.xctest */ = {isa = PBXFileReference; explicitFileType = wrapper.cfbundle; includeInIndex = 0; path = "e-marketUITests.xctest"; sourceTree = BUILT_PRODUCTS_DIR; };
		8DBF0C682833DE27008A3191 /* e_marketUITests.swift */ = {isa = PBXFileReference; lastKnownFileType = sourcecode.swift; path = e_marketUITests.swift; sourceTree = "<group>"; };
		8DBF0C6A2833DE27008A3191 /* e_marketUITestsLaunchTests.swift */ = {isa = PBXFileReference; lastKnownFileType = sourcecode.swift; path = e_marketUITestsLaunchTests.swift; sourceTree = "<group>"; };
/* End PBXFileReference section */

/* Begin PBXFrameworksBuildPhase section */
		8DBF0C472833DE26008A3191 /* Frameworks */ = {
			isa = PBXFrameworksBuildPhase;
			buildActionMask = 2147483647;
			files = (
			);
			runOnlyForDeploymentPostprocessing = 0;
		};
		8DBF0C572833DE27008A3191 /* Frameworks */ = {
			isa = PBXFrameworksBuildPhase;
			buildActionMask = 2147483647;
			files = (
			);
			runOnlyForDeploymentPostprocessing = 0;
		};
		8DBF0C612833DE27008A3191 /* Frameworks */ = {
			isa = PBXFrameworksBuildPhase;
			buildActionMask = 2147483647;
			files = (
			);
			runOnlyForDeploymentPostprocessing = 0;
		};
/* End PBXFrameworksBuildPhase section */

/* Begin PBXGroup section */
		8DA72DE22833F40B0043CA71 /* Models */ = {
			isa = PBXGroup;
			children = (
				8DA72DE92833F9450043CA71 /* Store.swift */,
				8DA72DEB2833F94D0043CA71 /* Product.swift */,
				8DA72DED2833F9560043CA71 /* Order.swift */,
			);
			path = Models;
			sourceTree = "<group>";
		};
		8DA72DE32833F43C0043CA71 /* Views */ = {
			isa = PBXGroup;
			children = (
				8DA72DF12833FB040043CA71 /* StoreAndProductsView */,
				8DA72DF62833FE480043CA71 /* LoadingView.swift */,
			);
			path = Views;
			sourceTree = "<group>";
		};
		8DA72DE42833F45C0043CA71 /* ViewModels */ = {
			isa = PBXGroup;
			children = (
				8DA72DF42833FB580043CA71 /* StoreAndProductsViewModel.swift */,
			);
			path = ViewModels;
			sourceTree = "<group>";
		};
		8DA72DE52833F6390043CA71 /* Utility */ = {
			isa = PBXGroup;
			children = (
				8DA72DEF2833F9A00043CA71 /* APIError.swift */,
				8DBD298028342D7C00DC4D4C /* Colors.swift */,
				8DBD298228342EE300DC4D4C /* HexColor.swift */,
			);
			path = Utility;
			sourceTree = "<group>";
		};
		8DA72DE62833F6700043CA71 /* Services */ = {
			isa = PBXGroup;
			children = (
				8DA72DE72833F8E50043CA71 /* NetworkManager.swift */,
			);
			path = Services;
			sourceTree = "<group>";
		};
		8DA72DF12833FB040043CA71 /* StoreAndProductsView */ = {
			isa = PBXGroup;
			children = (
				8DA72DF22833FB330043CA71 /* StoreAndProductsView.swift */,
				8DA72DF82834082E0043CA71 /* StoreDetailView.swift */,
				8DBD2984283431E200DC4D4C /* ProductView.swift */,
			);
			path = StoreAndProductsView;
			sourceTree = "<group>";
		};
		8DBF0C412833DE26008A3191 = {
			isa = PBXGroup;
			children = (
				8DBF0C4C2833DE26008A3191 /* e-market */,
				8DBF0C5D2833DE27008A3191 /* e-marketTests */,
				8DBF0C672833DE27008A3191 /* e-marketUITests */,
				8DBF0C4B2833DE26008A3191 /* Products */,
			);
			sourceTree = "<group>";
		};
		8DBF0C4B2833DE26008A3191 /* Products */ = {
			isa = PBXGroup;
			children = (
				8DBF0C4A2833DE26008A3191 /* e-market.app */,
				8DBF0C5A2833DE27008A3191 /* e-marketTests.xctest */,
				8DBF0C642833DE27008A3191 /* e-marketUITests.xctest */,
			);
			name = Products;
			sourceTree = "<group>";
		};
		8DBF0C4C2833DE26008A3191 /* e-market */ = {
			isa = PBXGroup;
			children = (
				8DA72DE62833F6700043CA71 /* Services */,
				8DA72DE52833F6390043CA71 /* Utility */,
				8DA72DE42833F45C0043CA71 /* ViewModels */,
				8DA72DE32833F43C0043CA71 /* Views */,
				8DA72DE22833F40B0043CA71 /* Models */,
				8DBF0C4D2833DE26008A3191 /* e_marketApp.swift */,
				8DBF0C4F2833DE26008A3191 /* ContentView.swift */,
				8DBF0C512833DE26008A3191 /* Assets.xcassets */,
				8DBF0C532833DE26008A3191 /* Preview Content */,
			);
			path = "e-market";
			sourceTree = "<group>";
		};
		8DBF0C532833DE26008A3191 /* Preview Content */ = {
			isa = PBXGroup;
			children = (
				8DBF0C542833DE26008A3191 /* Preview Assets.xcassets */,
			);
			path = "Preview Content";
			sourceTree = "<group>";
		};
		8DBF0C5D2833DE27008A3191 /* e-marketTests */ = {
			isa = PBXGroup;
			children = (
				8DBF0C5E2833DE27008A3191 /* e_marketTests.swift */,
			);
			path = "e-marketTests";
			sourceTree = "<group>";
		};
		8DBF0C672833DE27008A3191 /* e-marketUITests */ = {
			isa = PBXGroup;
			children = (
				8DBF0C682833DE27008A3191 /* e_marketUITests.swift */,
				8DBF0C6A2833DE27008A3191 /* e_marketUITestsLaunchTests.swift */,
			);
			path = "e-marketUITests";
			sourceTree = "<group>";
		};
/* End PBXGroup section */

/* Begin PBXNativeTarget section */
		8DBF0C492833DE26008A3191 /* e-market */ = {
			isa = PBXNativeTarget;
			buildConfigurationList = 8DBF0C6E2833DE27008A3191 /* Build configuration list for PBXNativeTarget "e-market" */;
			buildPhases = (
				8DBF0C462833DE26008A3191 /* Sources */,
				8DBF0C472833DE26008A3191 /* Frameworks */,
				8DBF0C482833DE26008A3191 /* Resources */,
			);
			buildRules = (
			);
			dependencies = (
			);
			name = "e-market";
			productName = "e-market";
			productReference = 8DBF0C4A2833DE26008A3191 /* e-market.app */;
			productType = "com.apple.product-type.application";
		};
		8DBF0C592833DE27008A3191 /* e-marketTests */ = {
			isa = PBXNativeTarget;
			buildConfigurationList = 8DBF0C712833DE27008A3191 /* Build configuration list for PBXNativeTarget "e-marketTests" */;
			buildPhases = (
				8DBF0C562833DE27008A3191 /* Sources */,
				8DBF0C572833DE27008A3191 /* Frameworks */,
				8DBF0C582833DE27008A3191 /* Resources */,
			);
			buildRules = (
			);
			dependencies = (
				8DBF0C5C2833DE27008A3191 /* PBXTargetDependency */,
			);
			name = "e-marketTests";
			productName = "e-marketTests";
			productReference = 8DBF0C5A2833DE27008A3191 /* e-marketTests.xctest */;
			productType = "com.apple.product-type.bundle.unit-test";
		};
		8DBF0C632833DE27008A3191 /* e-marketUITests */ = {
			isa = PBXNativeTarget;
			buildConfigurationList = 8DBF0C742833DE27008A3191 /* Build configuration list for PBXNativeTarget "e-marketUITests" */;
			buildPhases = (
				8DBF0C602833DE27008A3191 /* Sources */,
				8DBF0C612833DE27008A3191 /* Frameworks */,
				8DBF0C622833DE27008A3191 /* Resources */,
			);
			buildRules = (
			);
			dependencies = (
				8DBF0C662833DE27008A3191 /* PBXTargetDependency */,
			);
			name = "e-marketUITests";
			productName = "e-marketUITests";
			productReference = 8DBF0C642833DE27008A3191 /* e-marketUITests.xctest */;
			productType = "com.apple.product-type.bundle.ui-testing";
		};
/* End PBXNativeTarget section */

/* Begin PBXProject section */
		8DBF0C422833DE26008A3191 /* Project object */ = {
			isa = PBXProject;
			attributes = {
				BuildIndependentTargetsInParallel = 1;
				LastSwiftUpdateCheck = 1330;
				LastUpgradeCheck = 1330;
				TargetAttributes = {
					8DBF0C492833DE26008A3191 = {
						CreatedOnToolsVersion = 13.3.1;
					};
					8DBF0C592833DE27008A3191 = {
						CreatedOnToolsVersion = 13.3.1;
						TestTargetID = 8DBF0C492833DE26008A3191;
					};
					8DBF0C632833DE27008A3191 = {
						CreatedOnToolsVersion = 13.3.1;
						TestTargetID = 8DBF0C492833DE26008A3191;
					};
				};
			};
			buildConfigurationList = 8DBF0C452833DE26008A3191 /* Build configuration list for PBXProject "e-market" */;
			compatibilityVersion = "Xcode 13.0";
			developmentRegion = en;
			hasScannedForEncodings = 0;
			knownRegions = (
				en,
				Base,
			);
			mainGroup = 8DBF0C412833DE26008A3191;
			productRefGroup = 8DBF0C4B2833DE26008A3191 /* Products */;
			projectDirPath = "";
			projectRoot = "";
			targets = (
				8DBF0C492833DE26008A3191 /* e-market */,
				8DBF0C592833DE27008A3191 /* e-marketTests */,
				8DBF0C632833DE27008A3191 /* e-marketUITests */,
			);
		};
/* End PBXProject section */

/* Begin PBXResourcesBuildPhase section */
		8DBF0C482833DE26008A3191 /* Resources */ = {
			isa = PBXResourcesBuildPhase;
			buildActionMask = 2147483647;
			files = (
				8DBF0C552833DE26008A3191 /* Preview Assets.xcassets in Resources */,
				8DBF0C522833DE26008A3191 /* Assets.xcassets in Resources */,
			);
			runOnlyForDeploymentPostprocessing = 0;
		};
		8DBF0C582833DE27008A3191 /* Resources */ = {
			isa = PBXResourcesBuildPhase;
			buildActionMask = 2147483647;
			files = (
			);
			runOnlyForDeploymentPostprocessing = 0;
		};
		8DBF0C622833DE27008A3191 /* Resources */ = {
			isa = PBXResourcesBuildPhase;
			buildActionMask = 2147483647;
			files = (
			);
			runOnlyForDeploymentPostprocessing = 0;
		};
/* End PBXResourcesBuildPhase section */

/* Begin PBXSourcesBuildPhase section */
		8DBF0C462833DE26008A3191 /* Sources */ = {
			isa = PBXSourcesBuildPhase;
			buildActionMask = 2147483647;
			files = (
				8DA72DEE2833F9560043CA71 /* Order.swift in Sources */,
				8DA72DE82833F8E50043CA71 /* NetworkManager.swift in Sources */,
				8DA72DF52833FB580043CA71 /* StoreAndProductsViewModel.swift in Sources */,
				8DBD298128342D7C00DC4D4C /* Colors.swift in Sources */,
				8DBD2985283431E200DC4D4C /* ProductView.swift in Sources */,
				8DA72DF72833FE480043CA71 /* LoadingView.swift in Sources */,
				8DBF0C502833DE26008A3191 /* ContentView.swift in Sources */,
				8DBD298328342EE300DC4D4C /* HexColor.swift in Sources */,
				8DA72DEC2833F94D0043CA71 /* Product.swift in Sources */,
				8DA72DF32833FB330043CA71 /* StoreAndProductsView.swift in Sources */,
				8DBF0C4E2833DE26008A3191 /* e_marketApp.swift in Sources */,
				8DA72DEA2833F9450043CA71 /* Store.swift in Sources */,
				8DA72DF92834082E0043CA71 /* StoreDetailView.swift in Sources */,
				8DA72DF02833F9A00043CA71 /* APIError.swift in Sources */,
			);
			runOnlyForDeploymentPostprocessing = 0;
		};
		8DBF0C562833DE27008A3191 /* Sources */ = {
			isa = PBXSourcesBuildPhase;
			buildActionMask = 2147483647;
			files = (
				8DBF0C5F2833DE27008A3191 /* e_marketTests.swift in Sources */,
			);
			runOnlyForDeploymentPostprocessing = 0;
		};
		8DBF0C602833DE27008A3191 /* Sources */ = {
			isa = PBXSourcesBuildPhase;
			buildActionMask = 2147483647;
			files = (
				8DBF0C6B2833DE27008A3191 /* e_marketUITestsLaunchTests.swift in Sources */,
				8DBF0C692833DE27008A3191 /* e_marketUITests.swift in Sources */,
			);
			runOnlyForDeploymentPostprocessing = 0;
		};
/* End PBXSourcesBuildPhase section */

/* Begin PBXTargetDependency section */
		8DBF0C5C2833DE27008A3191 /* PBXTargetDependency */ = {
			isa = PBXTargetDependency;
			target = 8DBF0C492833DE26008A3191 /* e-market */;
			targetProxy = 8DBF0C5B2833DE27008A3191 /* PBXContainerItemProxy */;
		};
		8DBF0C662833DE27008A3191 /* PBXTargetDependency */ = {
			isa = PBXTargetDependency;
			target = 8DBF0C492833DE26008A3191 /* e-market */;
			targetProxy = 8DBF0C652833DE27008A3191 /* PBXContainerItemProxy */;
		};
/* End PBXTargetDependency section */

/* Begin XCBuildConfiguration section */
		8DBF0C6C2833DE27008A3191 /* Debug */ = {
			isa = XCBuildConfiguration;
			buildSettings = {
				ALWAYS_SEARCH_USER_PATHS = NO;
				CLANG_ANALYZER_NONNULL = YES;
				CLANG_ANALYZER_NUMBER_OBJECT_CONVERSION = YES_AGGRESSIVE;
				CLANG_CXX_LANGUAGE_STANDARD = "gnu++17";
				CLANG_ENABLE_MODULES = YES;
				CLANG_ENABLE_OBJC_ARC = YES;
				CLANG_ENABLE_OBJC_WEAK = YES;
				CLANG_WARN_BLOCK_CAPTURE_AUTORELEASING = YES;
				CLANG_WARN_BOOL_CONVERSION = YES;
				CLANG_WARN_COMMA = YES;
				CLANG_WARN_CONSTANT_CONVERSION = YES;
				CLANG_WARN_DEPRECATED_OBJC_IMPLEMENTATIONS = YES;
				CLANG_WARN_DIRECT_OBJC_ISA_USAGE = YES_ERROR;
				CLANG_WARN_DOCUMENTATION_COMMENTS = YES;
				CLANG_WARN_EMPTY_BODY = YES;
				CLANG_WARN_ENUM_CONVERSION = YES;
				CLANG_WARN_INFINITE_RECURSION = YES;
				CLANG_WARN_INT_CONVERSION = YES;
				CLANG_WARN_NON_LITERAL_NULL_CONVERSION = YES;
				CLANG_WARN_OBJC_IMPLICIT_RETAIN_SELF = YES;
				CLANG_WARN_OBJC_LITERAL_CONVERSION = YES;
				CLANG_WARN_OBJC_ROOT_CLASS = YES_ERROR;
				CLANG_WARN_QUOTED_INCLUDE_IN_FRAMEWORK_HEADER = YES;
				CLANG_WARN_RANGE_LOOP_ANALYSIS = YES;
				CLANG_WARN_STRICT_PROTOTYPES = YES;
				CLANG_WARN_SUSPICIOUS_MOVE = YES;
				CLANG_WARN_UNGUARDED_AVAILABILITY = YES_AGGRESSIVE;
				CLANG_WARN_UNREACHABLE_CODE = YES;
				CLANG_WARN__DUPLICATE_METHOD_MATCH = YES;
				COPY_PHASE_STRIP = NO;
				DEBUG_INFORMATION_FORMAT = dwarf;
				ENABLE_STRICT_OBJC_MSGSEND = YES;
				ENABLE_TESTABILITY = YES;
				GCC_C_LANGUAGE_STANDARD = gnu11;
				GCC_DYNAMIC_NO_PIC = NO;
				GCC_NO_COMMON_BLOCKS = YES;
				GCC_OPTIMIZATION_LEVEL = 0;
				GCC_PREPROCESSOR_DEFINITIONS = (
					"DEBUG=1",
					"$(inherited)",
				);
				GCC_WARN_64_TO_32_BIT_CONVERSION = YES;
				GCC_WARN_ABOUT_RETURN_TYPE = YES_ERROR;
				GCC_WARN_UNDECLARED_SELECTOR = YES;
				GCC_WARN_UNINITIALIZED_AUTOS = YES_AGGRESSIVE;
				GCC_WARN_UNUSED_FUNCTION = YES;
				GCC_WARN_UNUSED_VARIABLE = YES;
				IPHONEOS_DEPLOYMENT_TARGET = 15.4;
				MTL_ENABLE_DEBUG_INFO = INCLUDE_SOURCE;
				MTL_FAST_MATH = YES;
				ONLY_ACTIVE_ARCH = YES;
				SDKROOT = iphoneos;
				SWIFT_ACTIVE_COMPILATION_CONDITIONS = DEBUG;
				SWIFT_OPTIMIZATION_LEVEL = "-Onone";
			};
			name = Debug;
		};
		8DBF0C6D2833DE27008A3191 /* Release */ = {
			isa = XCBuildConfiguration;
			buildSettings = {
				ALWAYS_SEARCH_USER_PATHS = NO;
				CLANG_ANALYZER_NONNULL = YES;
				CLANG_ANALYZER_NUMBER_OBJECT_CONVERSION = YES_AGGRESSIVE;
				CLANG_CXX_LANGUAGE_STANDARD = "gnu++17";
				CLANG_ENABLE_MODULES = YES;
				CLANG_ENABLE_OBJC_ARC = YES;
				CLANG_ENABLE_OBJC_WEAK = YES;
				CLANG_WARN_BLOCK_CAPTURE_AUTORELEASING = YES;
				CLANG_WARN_BOOL_CONVERSION = YES;
				CLANG_WARN_COMMA = YES;
				CLANG_WARN_CONSTANT_CONVERSION = YES;
				CLANG_WARN_DEPRECATED_OBJC_IMPLEMENTATIONS = YES;
				CLANG_WARN_DIRECT_OBJC_ISA_USAGE = YES_ERROR;
				CLANG_WARN_DOCUMENTATION_COMMENTS = YES;
				CLANG_WARN_EMPTY_BODY = YES;
				CLANG_WARN_ENUM_CONVERSION = YES;
				CLANG_WARN_INFINITE_RECURSION = YES;
				CLANG_WARN_INT_CONVERSION = YES;
				CLANG_WARN_NON_LITERAL_NULL_CONVERSION = YES;
				CLANG_WARN_OBJC_IMPLICIT_RETAIN_SELF = YES;
				CLANG_WARN_OBJC_LITERAL_CONVERSION = YES;
				CLANG_WARN_OBJC_ROOT_CLASS = YES_ERROR;
				CLANG_WARN_QUOTED_INCLUDE_IN_FRAMEWORK_HEADER = YES;
				CLANG_WARN_RANGE_LOOP_ANALYSIS = YES;
				CLANG_WARN_STRICT_PROTOTYPES = YES;
				CLANG_WARN_SUSPICIOUS_MOVE = YES;
				CLANG_WARN_UNGUARDED_AVAILABILITY = YES_AGGRESSIVE;
				CLANG_WARN_UNREACHABLE_CODE = YES;
				CLANG_WARN__DUPLICATE_METHOD_MATCH = YES;
				COPY_PHASE_STRIP = NO;
				DEBUG_INFORMATION_FORMAT = "dwarf-with-dsym";
				ENABLE_NS_ASSERTIONS = NO;
				ENABLE_STRICT_OBJC_MSGSEND = YES;
				GCC_C_LANGUAGE_STANDARD = gnu11;
				GCC_NO_COMMON_BLOCKS = YES;
				GCC_WARN_64_TO_32_BIT_CONVERSION = YES;
				GCC_WARN_ABOUT_RETURN_TYPE = YES_ERROR;
				GCC_WARN_UNDECLARED_SELECTOR = YES;
				GCC_WARN_UNINITIALIZED_AUTOS = YES_AGGRESSIVE;
				GCC_WARN_UNUSED_FUNCTION = YES;
				GCC_WARN_UNUSED_VARIABLE = YES;
				IPHONEOS_DEPLOYMENT_TARGET = 15.4;
				MTL_ENABLE_DEBUG_INFO = NO;
				MTL_FAST_MATH = YES;
				SDKROOT = iphoneos;
				SWIFT_COMPILATION_MODE = wholemodule;
				SWIFT_OPTIMIZATION_LEVEL = "-O";
				VALIDATE_PRODUCT = YES;
			};
			name = Release;
		};
		8DBF0C6F2833DE27008A3191 /* Debug */ = {
			isa = XCBuildConfiguration;
			buildSettings = {
				ASSETCATALOG_COMPILER_APPICON_NAME = AppIcon;
				ASSETCATALOG_COMPILER_GLOBAL_ACCENT_COLOR_NAME = AccentColor;
				CODE_SIGN_STYLE = Automatic;
				CURRENT_PROJECT_VERSION = 1;
				DEVELOPMENT_ASSET_PATHS = "\"e-market/Preview Content\"";
				ENABLE_PREVIEWS = YES;
				GENERATE_INFOPLIST_FILE = YES;
				INFOPLIST_KEY_UIApplicationSceneManifest_Generation = YES;
				INFOPLIST_KEY_UIApplicationSupportsIndirectInputEvents = YES;
				INFOPLIST_KEY_UILaunchScreen_Generation = YES;
				INFOPLIST_KEY_UISupportedInterfaceOrientations_iPad = "UIInterfaceOrientationPortrait UIInterfaceOrientationPortraitUpsideDown UIInterfaceOrientationLandscapeLeft UIInterfaceOrientationLandscapeRight";
				INFOPLIST_KEY_UISupportedInterfaceOrientations_iPhone = "UIInterfaceOrientationPortrait UIInterfaceOrientationLandscapeLeft UIInterfaceOrientationLandscapeRight";
				LD_RUNPATH_SEARCH_PATHS = (
					"$(inherited)",
					"@executable_path/Frameworks",
				);
				MARKETING_VERSION = 1.0;
				PRODUCT_BUNDLE_IDENTIFIER = "com.phonthep.e-market";
				PRODUCT_NAME = "$(TARGET_NAME)";
				SWIFT_EMIT_LOC_STRINGS = YES;
				SWIFT_VERSION = 5.0;
				TARGETED_DEVICE_FAMILY = "1,2";
			};
			name = Debug;
		};
		8DBF0C702833DE27008A3191 /* Release */ = {
			isa = XCBuildConfiguration;
			buildSettings = {
				ASSETCATALOG_COMPILER_APPICON_NAME = AppIcon;
				ASSETCATALOG_COMPILER_GLOBAL_ACCENT_COLOR_NAME = AccentColor;
				CODE_SIGN_STYLE = Automatic;
				CURRENT_PROJECT_VERSION = 1;
				DEVELOPMENT_ASSET_PATHS = "\"e-market/Preview Content\"";
				ENABLE_PREVIEWS = YES;
				GENERATE_INFOPLIST_FILE = YES;
				INFOPLIST_KEY_UIApplicationSceneManifest_Generation = YES;
				INFOPLIST_KEY_UIApplicationSupportsIndirectInputEvents = YES;
				INFOPLIST_KEY_UILaunchScreen_Generation = YES;
				INFOPLIST_KEY_UISupportedInterfaceOrientations_iPad = "UIInterfaceOrientationPortrait UIInterfaceOrientationPortraitUpsideDown UIInterfaceOrientationLandscapeLeft UIInterfaceOrientationLandscapeRight";
				INFOPLIST_KEY_UISupportedInterfaceOrientations_iPhone = "UIInterfaceOrientationPortrait UIInterfaceOrientationLandscapeLeft UIInterfaceOrientationLandscapeRight";
				LD_RUNPATH_SEARCH_PATHS = (
					"$(inherited)",
					"@executable_path/Frameworks",
				);
				MARKETING_VERSION = 1.0;
				PRODUCT_BUNDLE_IDENTIFIER = "com.phonthep.e-market";
				PRODUCT_NAME = "$(TARGET_NAME)";
				SWIFT_EMIT_LOC_STRINGS = YES;
				SWIFT_VERSION = 5.0;
				TARGETED_DEVICE_FAMILY = "1,2";
			};
			name = Release;
		};
		8DBF0C722833DE27008A3191 /* Debug */ = {
			isa = XCBuildConfiguration;
			buildSettings = {
				ALWAYS_EMBED_SWIFT_STANDARD_LIBRARIES = YES;
				BUNDLE_LOADER = "$(TEST_HOST)";
				CODE_SIGN_STYLE = Automatic;
				CURRENT_PROJECT_VERSION = 1;
				GENERATE_INFOPLIST_FILE = YES;
				IPHONEOS_DEPLOYMENT_TARGET = 15.4;
				MARKETING_VERSION = 1.0;
				PRODUCT_BUNDLE_IDENTIFIER = "com.phonthep.e-marketTests";
				PRODUCT_NAME = "$(TARGET_NAME)";
				SWIFT_EMIT_LOC_STRINGS = NO;
				SWIFT_VERSION = 5.0;
				TARGETED_DEVICE_FAMILY = "1,2";
				TEST_HOST = "$(BUILT_PRODUCTS_DIR)/e-market.app/e-market";
			};
			name = Debug;
		};
		8DBF0C732833DE27008A3191 /* Release */ = {
			isa = XCBuildConfiguration;
			buildSettings = {
				ALWAYS_EMBED_SWIFT_STANDARD_LIBRARIES = YES;
				BUNDLE_LOADER = "$(TEST_HOST)";
				CODE_SIGN_STYLE = Automatic;
				CURRENT_PROJECT_VERSION = 1;
				GENERATE_INFOPLIST_FILE = YES;
				IPHONEOS_DEPLOYMENT_TARGET = 15.4;
				MARKETING_VERSION = 1.0;
				PRODUCT_BUNDLE_IDENTIFIER = "com.phonthep.e-marketTests";
				PRODUCT_NAME = "$(TARGET_NAME)";
				SWIFT_EMIT_LOC_STRINGS = NO;
				SWIFT_VERSION = 5.0;
				TARGETED_DEVICE_FAMILY = "1,2";
				TEST_HOST = "$(BUILT_PRODUCTS_DIR)/e-market.app/e-market";
			};
			name = Release;
		};
		8DBF0C752833DE27008A3191 /* Debug */ = {
			isa = XCBuildConfiguration;
			buildSettings = {
				ALWAYS_EMBED_SWIFT_STANDARD_LIBRARIES = YES;
				CODE_SIGN_STYLE = Automatic;
				CURRENT_PROJECT_VERSION = 1;
				GENERATE_INFOPLIST_FILE = YES;
				MARKETING_VERSION = 1.0;
				PRODUCT_BUNDLE_IDENTIFIER = "com.phonthep.e-marketUITests";
				PRODUCT_NAME = "$(TARGET_NAME)";
				SWIFT_EMIT_LOC_STRINGS = NO;
				SWIFT_VERSION = 5.0;
				TARGETED_DEVICE_FAMILY = "1,2";
				TEST_TARGET_NAME = "e-market";
			};
			name = Debug;
		};
		8DBF0C762833DE27008A3191 /* Release */ = {
			isa = XCBuildConfiguration;
			buildSettings = {
				ALWAYS_EMBED_SWIFT_STANDARD_LIBRARIES = YES;
				CODE_SIGN_STYLE = Automatic;
				CURRENT_PROJECT_VERSION = 1;
				GENERATE_INFOPLIST_FILE = YES;
				MARKETING_VERSION = 1.0;
				PRODUCT_BUNDLE_IDENTIFIER = "com.phonthep.e-marketUITests";
				PRODUCT_NAME = "$(TARGET_NAME)";
				SWIFT_EMIT_LOC_STRINGS = NO;
				SWIFT_VERSION = 5.0;
				TARGETED_DEVICE_FAMILY = "1,2";
				TEST_TARGET_NAME = "e-market";
			};
			name = Release;
		};
/* End XCBuildConfiguration section */

/* Begin XCConfigurationList section */
		8DBF0C452833DE26008A3191 /* Build configuration list for PBXProject "e-market" */ = {
			isa = XCConfigurationList;
			buildConfigurations = (
				8DBF0C6C2833DE27008A3191 /* Debug */,
				8DBF0C6D2833DE27008A3191 /* Release */,
			);
			defaultConfigurationIsVisible = 0;
			defaultConfigurationName = Release;
		};
		8DBF0C6E2833DE27008A3191 /* Build configuration list for PBXNativeTarget "e-market" */ = {
			isa = XCConfigurationList;
			buildConfigurations = (
				8DBF0C6F2833DE27008A3191 /* Debug */,
				8DBF0C702833DE27008A3191 /* Release */,
			);
			defaultConfigurationIsVisible = 0;
			defaultConfigurationName = Release;
		};
		8DBF0C712833DE27008A3191 /* Build configuration list for PBXNativeTarget "e-marketTests" */ = {
			isa = XCConfigurationList;
			buildConfigurations = (
				8DBF0C722833DE27008A3191 /* Debug */,
				8DBF0C732833DE27008A3191 /* Release */,
			);
			defaultConfigurationIsVisible = 0;
			defaultConfigurationName = Release;
		};
		8DBF0C742833DE27008A3191 /* Build configuration list for PBXNativeTarget "e-marketUITests" */ = {
			isa = XCConfigurationList;
			buildConfigurations = (
				8DBF0C752833DE27008A3191 /* Debug */,
				8DBF0C762833DE27008A3191 /* Release */,
			);
			defaultConfigurationIsVisible = 0;
			defaultConfigurationName = Release;
		};
/* End XCConfigurationList section */
	};
	rootObject = 8DBF0C422833DE26008A3191 /* Project object */;
}
